
Microsoft Visual Studio Solution File, Format Version 12.00
# Visual Studio Version 17
VisualStudioVersion = 17.13.35806.99 d17.13
MinimumVisualStudioVersion = 10.0.40219.1
Project("{FAE04EC0-301F-11D3-BF4B-00C04F79EFBC}") = "StreetLights", "StreetLights\StreetLights.csproj", "{39DFBB6B-7126-4EDF-9901-954951DFCDBF}"
EndProject
Global
	GlobalSection(SolutionConfigurationPlatforms) = preSolution
		Debug|Any CPU = Debug|Any CPU
		Release|Any CPU = Release|Any CPU
	EndGlobalSection
	GlobalSection(ProjectConfigurationPlatforms) = postSolution
		{39DFBB6B-7126-4EDF-9901-954951DFCDBF}.Debug|Any CPU.ActiveCfg = Debug|Any CPU
		{39DFBB6B-7126-4EDF-9901-954951DFCDBF}.Debug|Any CPU.Build.0 = Debug|Any CPU
		{39DFBB6B-7126-4EDF-9901-954951DFCDBF}.Release|Any CPU.ActiveCfg = Release|Any CPU
		{39DFBB6B-7126-4EDF-9901-954951DFCDBF}.Release|Any CPU.Build.0 = Release|Any CPU
	EndGlobalSection
	GlobalSection(SolutionProperties) = preSolution
		HideSolutionNode = FALSE
	EndGlobalSection
	GlobalSection(ExtensibilityGlobals) = postSolution
		SolutionGuid = {0FBBE2FE-C07F-413C-93F2-1B654D9F1E0D}
	EndGlobalSection
EndGlobal
